{
  "version": "2",
  "remote": {
    "https://deno.land/std@0.177.1/fmt/colors.ts": "938c5d44d889fb82eff6c358bea8baa7e85950a16c9f6dae3ec3a7a729164471",
    "https://deno.land/std@0.177.1/testing/_diff.ts": "1a3c044aedf77647d6cac86b798c6417603361b66b54c53331b312caeb447aea",
    "https://deno.land/std@0.177.1/testing/_format.ts": "a69126e8a469009adf4cf2a50af889aca364c349797e63174884a52ff75cf4c7",
    "https://deno.land/std@0.177.1/testing/asserts.ts": "984ab0bfb3faeed92ffaa3a6b06536c66811185328c5dd146257c702c41b01ab",
    "https://deno.land/std@0.189.0/fmt/colors.ts": "d67e3cd9f472535241a8e410d33423980bec45047e343577554d3356e1f0ef4e",
    "https://deno.land/std@0.189.0/testing/_diff.ts": "1a3c044aedf77647d6cac86b798c6417603361b66b54c53331b312caeb447aea",
    "https://deno.land/std@0.189.0/testing/_format.ts": "a69126e8a469009adf4cf2a50af889aca364c349797e63174884a52ff75cf4c7",
    "https://deno.land/std@0.189.0/testing/asserts.ts": "e16d98b4d73ffc4ed498d717307a12500ae4f2cbe668f1a215632d19fcffc22f",
    "https://esm.sh/colord@2.9.3": "944d77361d96bdb8255ca26b7bfc25d7ef752b38840050ef03197ed689180418",
    "https://esm.sh/colord@2.9.3/plugins/lab": "7c5fa7a4ee6e5e445f134b152425a2d8f08af6d5964cdbb96a02c2606a45e7d7",
    "https://esm.sh/colord@2.9.3/plugins/mix": "e628818e03d4f5c416365fbdccd3ee98712150ea25a5f7d7c9e923fca7f00c6d",
    "https://esm.sh/colord@2.9.3/plugins/xyz": "18a58adc9ead7be591482f5dab3e5260477833317f1c2c1cfb12563fc625e33c",
    "https://esm.sh/json5@2.2.3": "c6f0a2ae33b69823321a350c1dee71dd2dab734ba825a1edbf47dfcdb3f7c3e7",
    "https://esm.sh/lodash-es@4.17.21": "7a00d6f3090be88a9930535d146b00949b0247afcbb0d3afda24a4e197cbe313",
    "https://esm.sh/lodash@4.17.21": "04794747789702448c3ae46967812de3bafef3ef6fef9fb1d4450b4b802ea58e",
    "https://esm.sh/v124/@types/lodash-es@4.17.7/add.d.ts": "cd964396397e40f3983a72c737af13de5de74f3e87650cfea7ab70afd8933b92",
    "https://esm.sh/v124/@types/lodash-es@4.17.7/after.d.ts": "ca3ee4741f754a15a23233295326a7a66204337b93970d9d64f45150ebd06fbc",
    "https://esm.sh/v124/@types/lodash-es@4.17.7/ary.d.ts": "2981d7b9b14704af19ab3433e4e02005c4a00295b6d8845f1d92191a91703593",
    "https://esm.sh/v124/@types/lodash-es@4.17.7/assign.d.ts": "35fbbefa37385d282f76c93365ec5777f4f295f8ebdf48e08801f4d02d9470ca",
    "https://esm.sh/v124/@types/lodash-es@4.17.7/assignIn.d.ts": "e5a18185add7eefcc802faaf664aa739200845294ae9b41e4f2b2b51163551fc",
    "https://esm.sh/v124/@types/lodash-es@4.17.7/assignInWith.d.ts": "f0cd7fb98918454192a1ac41a54e20898cb316df23565c66e4dd16b7b4c8f1df",
    "https://esm.sh/v124/@types/lodash-es@4.17.7/assignWith.d.ts": "0e68949ba795c2fe3e4b3a2c6ed76b76fe909d3249857393d10c09346ceac374",
    "https://esm.sh/v124/@types/lodash-es@4.17.7/at.d.ts": "4ed90b2354f13c62a9c38c51661d7cb4dfd60d3984a4e0d4b92890ab59262807",
    "https://esm.sh/v124/@types/lodash-es@4.17.7/attempt.d.ts": "f1220a6ad951cc83383328f97310d742bd581c79f7b63ada6ea782b7b7789cf6",
    "https://esm.sh/v124/@types/lodash-es@4.17.7/before.d.ts": "7cf3ef3df15e3f4571ff386cad9a7513d68234a191055574fe058d84a89409bf",
    "https://esm.sh/v124/@types/lodash-es@4.17.7/bind.d.ts": "a2966a35827b83689a43dbe8f14e3a334cd5070c2953733ef28ffb5bcd300752",
    "https://esm.sh/v124/@types/lodash-es@4.17.7/bindAll.d.ts": "5dd24b7430a7458751b980154dc34e1de63f1b501806df85201ba43a95bb4c5b",
    "https://esm.sh/v124/@types/lodash-es@4.17.7/bindKey.d.ts": "1b0db6bb89de2467a22be8303b87596d96687baa62d7d80ab6d469b231b20aaf",
    "https://esm.sh/v124/@types/lodash-es@4.17.7/camelCase.d.ts": "fd73b2439abf2787eeb688943ae304a4dd3bec5685dfb9c305959318c8babfcd",
    "https://esm.sh/v124/@types/lodash-es@4.17.7/capitalize.d.ts": "91af8c7b1990b093ce0242e68cd6794510a7a454712c7f12f8fa7c7be6913fbb",
    "https://esm.sh/v124/@types/lodash-es@4.17.7/castArray.d.ts": "ed725d8ba857263b36a34124993fea6fea8ff018f4ee3ae0af8116cf570b4305",
    "https://esm.sh/v124/@types/lodash-es@4.17.7/ceil.d.ts": "565e0808d144eb4f1ebe892956559be42fb3e0e0dfa54dd1b0f0466ab7b98445",
    "https://esm.sh/v124/@types/lodash-es@4.17.7/chain.d.ts": "3bdcd2414b3a5874733138b8fc4749f7f3143e868968b971b80560e37b358122",
    "https://esm.sh/v124/@types/lodash-es@4.17.7/chunk.d.ts": "24394b5b9b624a431d4b4b37dbd8accf21391011d2e6ccd85a0cb779dc589bea",
    "https://esm.sh/v124/@types/lodash-es@4.17.7/clamp.d.ts": "9e525d3ad82e58640f712a03123c8c6752153a15d3c94f35d13eadd5e030018a",
    "https://esm.sh/v124/@types/lodash-es@4.17.7/clone.d.ts": "ec62d0637bf3ed916d24dfe9c952bab61ea885e1795e98f3fd98f8f6bb3b90cb",
    "https://esm.sh/v124/@types/lodash-es@4.17.7/cloneDeep.d.ts": "e0c5b3231ca0747c486e03aef1c71241d58e44198080469829cea7cf8156687b",
    "https://esm.sh/v124/@types/lodash-es@4.17.7/cloneDeepWith.d.ts": "d4c191e707d19303481371bfa304d460f0f23ec9f7dccf954a3f72437dedc767",
    "https://esm.sh/v124/@types/lodash-es@4.17.7/cloneWith.d.ts": "8fd7085c88daade44ea5d6dcb733aac3df8bfec5c36cb1b383490b1ce5039474",
    "https://esm.sh/v124/@types/lodash-es@4.17.7/compact.d.ts": "b3abf006d6d68b3a55fc23b84a4fd73779be97221f87ba556832e80fb46c7c1d",
    "https://esm.sh/v124/@types/lodash-es@4.17.7/concat.d.ts": "505d4f108a7a45988c757c4488fcf9d1754691b0402c398545506516e8ff4b02",
    "https://esm.sh/v124/@types/lodash-es@4.17.7/cond.d.ts": "2e7c75ddda012e61671cfbbb312bb58c8df9c328dbee2f23bb901bdc86764863",
    "https://esm.sh/v124/@types/lodash-es@4.17.7/conforms.d.ts": "4261b53e61ab54ec7c56fd3d6c30b74ba0faf5232e85868eed1a3475b1a28dfe",
    "https://esm.sh/v124/@types/lodash-es@4.17.7/conformsTo.d.ts": "7b4c92ec7d4bd4367d47c3c3b90c020d78f58311fe155df1fac2773383b27386",
    "https://esm.sh/v124/@types/lodash-es@4.17.7/constant.d.ts": "93fecdf26013c031e104b860f0f7138aa96567d2c82648518d89333c123f4f75",
    "https://esm.sh/v124/@types/lodash-es@4.17.7/countBy.d.ts": "e580210298a29b44ebbc782265b777b4f23d54242bf43db7d1d3ab58ec0e3db8",
    "https://esm.sh/v124/@types/lodash-es@4.17.7/create.d.ts": "af06d8287bf171a51a6b5472cf639dbe0218f0151640763da017f7bb6583202c",
    "https://esm.sh/v124/@types/lodash-es@4.17.7/curry.d.ts": "b239597da7f058bfcb3e8a163b0ef70dd76d104fbb0f6b25af4c8d212ca0649e",
    "https://esm.sh/v124/@types/lodash-es@4.17.7/curryRight.d.ts": "5bb665d60226559afc2f985d3d07fce79116fb60ab66c71ba56f920dace94b15",
    "https://esm.sh/v124/@types/lodash-es@4.17.7/debounce.d.ts": "3ec97018d3303429fd7b40e6921122063579c3e96c262f99d83f00ed9fc11c47",
    "https://esm.sh/v124/@types/lodash-es@4.17.7/deburr.d.ts": "859fd07047b1d6c09492cea5fe933446dd7db168a596a238c0e6deeb400a8bb1",
    "https://esm.sh/v124/@types/lodash-es@4.17.7/defaultTo.d.ts": "864fd6af7d4a5997184f0536ef334dff71d8852cb4d1ce946e51fbb078216673",
    "https://esm.sh/v124/@types/lodash-es@4.17.7/defaults.d.ts": "02050aae62252e70c1a120f3a28a4279a5f88f0a63ea53660a6da9ffba90e9ed",
    "https://esm.sh/v124/@types/lodash-es@4.17.7/defaultsDeep.d.ts": "4b216a532f55faceb6b7b6e62473c004664389c2dfac0b28251c98cd44acf875",
    "https://esm.sh/v124/@types/lodash-es@4.17.7/defer.d.ts": "d20eff440c7967b539b366119dede0e13594857271e6981b4da90cab16128f3a",
    "https://esm.sh/v124/@types/lodash-es@4.17.7/delay.d.ts": "21e3cf1313c55272a2819b28bf9e0d99d8674c89d1e4a11d51f8290235a66839",
    "https://esm.sh/v124/@types/lodash-es@4.17.7/difference.d.ts": "98e906dcd527fb1c0d344a7d993fcb3c6932e86ad5787bcc938fdedecbb1e720",
    "https://esm.sh/v124/@types/lodash-es@4.17.7/differenceBy.d.ts": "153bdb29cb8e84f7f566967ed1508be5893ac12bead7dae53f557ee74991d04e",
    "https://esm.sh/v124/@types/lodash-es@4.17.7/differenceWith.d.ts": "c31d453988eff5d90a9e92f7d1d621f56c5b2e9ffb6ac8885bb86d9770f4ff29",
    "https://esm.sh/v124/@types/lodash-es@4.17.7/divide.d.ts": "cc777c0c897dfa761ecc21c70c71246d229818e4d88bf16c7086125dfff45134",
    "https://esm.sh/v124/@types/lodash-es@4.17.7/drop.d.ts": "961340e423a4b964391ff18e3d185f7600ccab91195aea536c09ddea1e32d7f3",
    "https://esm.sh/v124/@types/lodash-es@4.17.7/dropRight.d.ts": "ad7d7afa448cce5cb53412b98583fbf6e4d6855308fcda8c4e45683a8ae15978",
    "https://esm.sh/v124/@types/lodash-es@4.17.7/dropRightWhile.d.ts": "52348139e015c759dc7a5fe1322598571193f83d35b1a237b126c23cc1ed4868",
    "https://esm.sh/v124/@types/lodash-es@4.17.7/dropWhile.d.ts": "c3de936c48b1a44724e6848d3b558d571f006246db886eac69b12545193e569f",
    "https://esm.sh/v124/@types/lodash-es@4.17.7/each.d.ts": "e3b520b8965d1db960a845b47e388ac555c56e604e5212ef177ffb4371036959",
    "https://esm.sh/v124/@types/lodash-es@4.17.7/eachRight.d.ts": "2ec3c88ed7a7463e13badfca504d77b292cba5da1c08b1a8674510f67abde7d3",
    "https://esm.sh/v124/@types/lodash-es@4.17.7/endsWith.d.ts": "299ba5f5d49acac777a0c67acc2314b7f043282888005359438ec722099dc2e5",
    "https://esm.sh/v124/@types/lodash-es@4.17.7/entries.d.ts": "44bfd51f01174012e623e7ec9a85d8dbbbd86f4fdd15398b2a2b221862660c47",
    "https://esm.sh/v124/@types/lodash-es@4.17.7/entriesIn.d.ts": "9a015b1d01605c8a66fac40f0cb3ffeaf179b7783ac9c695f702d4da1558fc60",
    "https://esm.sh/v124/@types/lodash-es@4.17.7/eq.d.ts": "1ee6b3e34cc33437a1a0e93eb3c351bc577d438b02d64de5b3df2ee247019afb",
    "https://esm.sh/v124/@types/lodash-es@4.17.7/escape.d.ts": "401cc388de5c61ba52d779e82ddc1c391f2eb2bb650f941308c89fbe165b2306",
    "https://esm.sh/v124/@types/lodash-es@4.17.7/escapeRegExp.d.ts": "9cd4508e60565b153eed736eb81c77d3e7c8760e946527df6981cb32f5a5fbbd",
    "https://esm.sh/v124/@types/lodash-es@4.17.7/every.d.ts": "f1b0825526e2ccddf67cc9a5defc38f3a33145d62a42b1a06bff3bff3a40d1d0",
    "https://esm.sh/v124/@types/lodash-es@4.17.7/extend.d.ts": "543ca982c66722e5dd17bc66470f28bcc2b18f56a1c6159d28458260fc3e0251",
    "https://esm.sh/v124/@types/lodash-es@4.17.7/extendWith.d.ts": "2815e77c53f023c24b2c1d25caf0d6d7ca8872d40ac3bb669385bcd32a131236",
    "https://esm.sh/v124/@types/lodash-es@4.17.7/fill.d.ts": "2af3cb22f8cb5585151b2351a949b8b7e4ba9ff7fbf8f9fa1be44069c8c0f104",
    "https://esm.sh/v124/@types/lodash-es@4.17.7/filter.d.ts": "1be72b3f560d207f230f0ba714d6a3fa9e481b7cf004f0f265071cf2b74e953d",
    "https://esm.sh/v124/@types/lodash-es@4.17.7/find.d.ts": "30ead3096c9ce60ecf94b99363a7b79dd426d00c7a2fa19060cba13122ad3371",
    "https://esm.sh/v124/@types/lodash-es@4.17.7/findIndex.d.ts": "7f7e061454e9dfd5feecfc404f6cb9b81287daaddea527f348051ac36b8d8211",
    "https://esm.sh/v124/@types/lodash-es@4.17.7/findKey.d.ts": "855a1745f97202a6edf431718cc492846ed519f10ea93c6f3e4034c139ee6b7b",
    "https://esm.sh/v124/@types/lodash-es@4.17.7/findLast.d.ts": "0f416256077b22ed9cd19a589b9a62686a857ad389dc39833c04ed147155128d",
    "https://esm.sh/v124/@types/lodash-es@4.17.7/findLastIndex.d.ts": "b14118f15d3c7f9c4c567d55b205c24f525c6abce3975a996687812652ce6e2f",
    "https://esm.sh/v124/@types/lodash-es@4.17.7/findLastKey.d.ts": "7a7febe045dcf6e7220a2adc3ffc21c01e0a26e00f113c5a4ce91c1986105c94",
    "https://esm.sh/v124/@types/lodash-es@4.17.7/first.d.ts": "35bbcd9aef6abc84afcfec3bf745854f6367eb279044d1bf75a9dc2b8ab8379f",
    "https://esm.sh/v124/@types/lodash-es@4.17.7/flatMap.d.ts": "1a4b60503b1b90ed3a62befbcfb4fda0ac09ab2ab24338d1fb890576859f3abb",
    "https://esm.sh/v124/@types/lodash-es@4.17.7/flatMapDeep.d.ts": "b5505231d458dfdd25132906eb67e93467a96187f0729fff1763990fa8ff27af",
    "https://esm.sh/v124/@types/lodash-es@4.17.7/flatMapDepth.d.ts": "0f9424254d4691616135276633aeba41c53debd9741901c848103064263e3362",
    "https://esm.sh/v124/@types/lodash-es@4.17.7/flatten.d.ts": "a9e3b08e37ff2cebecef81c025afd3dd5949bd91460546d62f3a355fe656b11e",
    "https://esm.sh/v124/@types/lodash-es@4.17.7/flattenDeep.d.ts": "27d3ffef9f31c11c470c43b78c6486b8f409917cadb0a514aff4bffcb50253f8",
    "https://esm.sh/v124/@types/lodash-es@4.17.7/flattenDepth.d.ts": "27e2fae5563f215bca688eb0681adfcf3ae31dbcc06596b163b7dcd3992b2b2e",
    "https://esm.sh/v124/@types/lodash-es@4.17.7/flip.d.ts": "c36ad4a34939afe8b1f259edd0ae88beca8e31802920f8035a2c4f26c7f75ccd",
    "https://esm.sh/v124/@types/lodash-es@4.17.7/floor.d.ts": "246139e7fda000370bdc9bc781e5ace6949a49caeb6a402bd2c697d6ad2e81c5",
    "https://esm.sh/v124/@types/lodash-es@4.17.7/flow.d.ts": "798d8acf01dc36822706ac093d61a5b552ba9f41094b38f604f2adf1da25deb0",
    "https://esm.sh/v124/@types/lodash-es@4.17.7/flowRight.d.ts": "c8ad5ddd4c850cb488c202f101d592425e654885d60e6b941892cad345487129",
    "https://esm.sh/v124/@types/lodash-es@4.17.7/forEach.d.ts": "654c3816181f0edb211354928da77f5db10b01c1f2c3f1a5bbb41806ad4c54db",
    "https://esm.sh/v124/@types/lodash-es@4.17.7/forEachRight.d.ts": "9fbff5c01984e2b386afe74cd3ea75cfc330f8dfa9c4b2c7b63d73af5eab0756",
    "https://esm.sh/v124/@types/lodash-es@4.17.7/forIn.d.ts": "99c2e07e17d3087041fb7f56dedabfba3014325c4b7594fa6e5fccd62fb9b07e",
    "https://esm.sh/v124/@types/lodash-es@4.17.7/forInRight.d.ts": "f46561baca35b0f0b6e5124be65a62d7de1e604f4d3b05dc8e9a38f9a276df4d",
    "https://esm.sh/v124/@types/lodash-es@4.17.7/forOwn.d.ts": "a16c664a3ccba97810dc83541ce6252e8da8b896dc038346f1578d52a6f4a749",
    "https://esm.sh/v124/@types/lodash-es@4.17.7/forOwnRight.d.ts": "5514f6c67cfb5c54bedbd4bcb074b5fa28c3f9afa478bae4f3e3a50cc89e886e",
    "https://esm.sh/v124/@types/lodash-es@4.17.7/fromPairs.d.ts": "905d04e2489aa3f290821b48c7e8f3bd1ecfb4d947150ec205546295473bc6f1",
    "https://esm.sh/v124/@types/lodash-es@4.17.7/functions.d.ts": "c94e7ecc066e5cc4d5053586707847f7f295ae0f2911f90c5fd1fc9928b81b4c",
    "https://esm.sh/v124/@types/lodash-es@4.17.7/functionsIn.d.ts": "9c44338c31ded46ad32e0c986614b905da6cab71b8f9ccc7622f1ca16d9d82df",
    "https://esm.sh/v124/@types/lodash-es@4.17.7/get.d.ts": "ecb7c4d354d15f61f2c8acce6f0c493d33ba4ed1890dec11ff608bc896bfecf1",
    "https://esm.sh/v124/@types/lodash-es@4.17.7/groupBy.d.ts": "1c31b35898e79e9cd59957da6d18fe1689c0b0e0597a03ce10246ffa3e0ecf2e",
    "https://esm.sh/v124/@types/lodash-es@4.17.7/gt.d.ts": "ef083ec53f702450e547dd588127231c8b0ed7dff9a8db3d864512b58f31d8da",
    "https://esm.sh/v124/@types/lodash-es@4.17.7/gte.d.ts": "5f2bc9b61e3bc477f60786a81b618f438c3c12fe2397df4da0f3d50e0f325186",
    "https://esm.sh/v124/@types/lodash-es@4.17.7/has.d.ts": "8601d07586fbf36a01f405cedb29e546115f1a448e4b885f194ffcf55f7429f4",
    "https://esm.sh/v124/@types/lodash-es@4.17.7/hasIn.d.ts": "080c52871fde8cb15372f7076558cfe50e89cfb353f1207c97a0fcf0bc5bd524",
    "https://esm.sh/v124/@types/lodash-es@4.17.7/head.d.ts": "362ab8febe4ff93b1d1b4a761655eb5dde649b8543327d02446a81cae9c0ac6c",
    "https://esm.sh/v124/@types/lodash-es@4.17.7/identity.d.ts": "38206bffdd542efe3fed33eca5db7c5049869278b96197bdc450b54a0e783da0",
    "https://esm.sh/v124/@types/lodash-es@4.17.7/inRange.d.ts": "2c98cf660d60969288313b5442524e025ca8d3d0ad1a3157a99fb0a53a194b70",
    "https://esm.sh/v124/@types/lodash-es@4.17.7/includes.d.ts": "79ff488d025d7d43648e85fd78ffbc1ed1f5eb25c36c6a6566decca283c68bda",
    "https://esm.sh/v124/@types/lodash-es@4.17.7/index.d.ts": "b7b0ffa248b309c029ea0fd36a16f0716d6489f0afbf3876f4b65a82ffbb5407",
    "https://esm.sh/v124/@types/lodash-es@4.17.7/indexOf.d.ts": "1c1c64c9903cbb0852a81651da943a4d90f87a5c2c1ee28b8401ce7f0a955f6d",
    "https://esm.sh/v124/@types/lodash-es@4.17.7/initial.d.ts": "ff6d1ddc66535af1c109f00eaaf30d812b21c73590009db2f536c7643ae5dfe8",
    "https://esm.sh/v124/@types/lodash-es@4.17.7/intersection.d.ts": "8918e05304a45a915a25941191d963f51fa6b0fed7a9b08ec61744bb8bfa74ec",
    "https://esm.sh/v124/@types/lodash-es@4.17.7/intersectionBy.d.ts": "c4559e2aeed858247e46eb0ac1148667fc7d1ec5bec9634229de4d9a2276721d",
    "https://esm.sh/v124/@types/lodash-es@4.17.7/intersectionWith.d.ts": "dedee63c13a134c19cd83f2d512dabac876b8cceb8c3100017d35951bbd8d063",
    "https://esm.sh/v124/@types/lodash-es@4.17.7/invert.d.ts": "ec64fb266882034fd0e50cc6097c5571dda77364df984d3f15e7b254b3cd2e6c",
    "https://esm.sh/v124/@types/lodash-es@4.17.7/invertBy.d.ts": "059c241e8c447d633a6b6ac285450442fd0fd96e56566f2ee0a4ea5f498d9eb7",
    "https://esm.sh/v124/@types/lodash-es@4.17.7/invoke.d.ts": "0d7097b5b1f23abcf843e1641815e2cc3e4491c019df134abb2dd6122186a623",
    "https://esm.sh/v124/@types/lodash-es@4.17.7/invokeMap.d.ts": "cab311399c69fea1f6fcdd7425ec691101da283d007f4b6420c85de9c09d3ef2",
    "https://esm.sh/v124/@types/lodash-es@4.17.7/isArguments.d.ts": "ac3fbcee1e5190f3a5df646b79ee951484138382dcc173e2ea6e76dc4bc1de5d",
    "https://esm.sh/v124/@types/lodash-es@4.17.7/isArray.d.ts": "a399f1e4ab88bd5631eaaed014bdb65ff43b081b562808f1277876faacfbadde",
    "https://esm.sh/v124/@types/lodash-es@4.17.7/isArrayBuffer.d.ts": "497c4ac55afbba37e1eafb6221c8f8ad9f4a6f22beb48dde415388be0cc36457",
    "https://esm.sh/v124/@types/lodash-es@4.17.7/isArrayLike.d.ts": "d908c0d34528b17294e710d98a2aa9f80f03e0091993426eef12004382804112",
    "https://esm.sh/v124/@types/lodash-es@4.17.7/isArrayLikeObject.d.ts": "0dbc34c2080fc695b01a9580ebe5160cd9f730de1e02b0d64ddb4501f2ce5490",
    "https://esm.sh/v124/@types/lodash-es@4.17.7/isBoolean.d.ts": "e6ef8cba52bb241649e1dd60d76ca44b1590fc427334883153c19014f8cd0810",
    "https://esm.sh/v124/@types/lodash-es@4.17.7/isBuffer.d.ts": "37c2b1c4321accbcf62ba2e7278bda8955f8043dd847040ad43bb6f3a7a0a8ea",
    "https://esm.sh/v124/@types/lodash-es@4.17.7/isDate.d.ts": "a860533850fef109bbe8d69b25824ba20d78ca6c2c4ad36edf76e1ea2a2d0997",
    "https://esm.sh/v124/@types/lodash-es@4.17.7/isElement.d.ts": "acb5fd13c1f3afc45aac1727febd4a092dc64527a661c364308d7e4701204ae9",
    "https://esm.sh/v124/@types/lodash-es@4.17.7/isEmpty.d.ts": "01cb89a4797c16e47287b475c467d2497b3dc6cde88570df8a6796941379ae54",
    "https://esm.sh/v124/@types/lodash-es@4.17.7/isEqual.d.ts": "7eabb685173e80200e4ca344ede7508b3eb7bbf41263c329b2b0ae8b3b52b134",
    "https://esm.sh/v124/@types/lodash-es@4.17.7/isEqualWith.d.ts": "fe4966da0770caca37caa428a515890d7b35c2c1e75957e04535cf255efded3f",
    "https://esm.sh/v124/@types/lodash-es@4.17.7/isError.d.ts": "4d4355c01cb484de9eed65793379dd0b01510a41c5c753b7358b36bd21018f8f",
    "https://esm.sh/v124/@types/lodash-es@4.17.7/isFinite.d.ts": "66241970c81d5e8244c6ff2197d6ddb2b2c0637bacd38e4e5ad37c535868681a",
    "https://esm.sh/v124/@types/lodash-es@4.17.7/isFunction.d.ts": "e5b16e964c39cf20bf9ac0469bb3052ac0d5cfa78d2ebc62bea7fdca530b464b",
    "https://esm.sh/v124/@types/lodash-es@4.17.7/isInteger.d.ts": "819291268f729489d2cd7a1a9ecac9340de91060446602aada360076a3060a63",
    "https://esm.sh/v124/@types/lodash-es@4.17.7/isLength.d.ts": "9efa820a155e54281d4879cd7211244b76a52594e27ac860911cae9542c8433f",
    "https://esm.sh/v124/@types/lodash-es@4.17.7/isMap.d.ts": "1904a26c31224ba54f785fe748a61e3169b5f1a3e296fba0db8e24ddba7c5dae",
    "https://esm.sh/v124/@types/lodash-es@4.17.7/isMatch.d.ts": "9b496273fe8d2744985afd52c788ec788cfe1105b3792043134b829a48618dc4",
    "https://esm.sh/v124/@types/lodash-es@4.17.7/isMatchWith.d.ts": "4b0e022ae066bef01b548de350f12bb589271a8573e47e847d0c3996275ff8e2",
    "https://esm.sh/v124/@types/lodash-es@4.17.7/isNaN.d.ts": "84ace33325d44bd3822f8bdd6c23cb01ee2688f63339382ed8e05c1f407362dd",
    "https://esm.sh/v124/@types/lodash-es@4.17.7/isNative.d.ts": "4e1a4524496720d6808430caf6f1826a70b758e1400cb4de0a892ecb9b98e2dd",
    "https://esm.sh/v124/@types/lodash-es@4.17.7/isNil.d.ts": "079f80471fdff60d46fb81a25b6074d4fb208cb3211a4db9eae30d5c15eef807",
    "https://esm.sh/v124/@types/lodash-es@4.17.7/isNull.d.ts": "9545f620a254cc65929b693116b7423a1316cf118429cd9cd00fc991b0981e3e",
    "https://esm.sh/v124/@types/lodash-es@4.17.7/isNumber.d.ts": "1967d8cabd8022dee2b171ccc45bc1f646e7797298c64eb786f3f1cd28263bab",
    "https://esm.sh/v124/@types/lodash-es@4.17.7/isObject.d.ts": "8eb33426b95781cd3dc243e39bbef74ee710922d19d9f3f42376058e652e7ada",
    "https://esm.sh/v124/@types/lodash-es@4.17.7/isObjectLike.d.ts": "a3b4597973e6ab5f34e811c8d241e419670193094da31c055f7520944dd4e263",
    "https://esm.sh/v124/@types/lodash-es@4.17.7/isPlainObject.d.ts": "307d20ff3b50ada88be1114f8d7657e56ef97a245a52384c18f775ba62a8d62b",
    "https://esm.sh/v124/@types/lodash-es@4.17.7/isRegExp.d.ts": "97a67db7184d97b68177cd5fbd9e5753e3c19b3c449c7bf5a5c690b1f8dbc6e9",
    "https://esm.sh/v124/@types/lodash-es@4.17.7/isSafeInteger.d.ts": "2482a0709b29c97cc90f189514ad85477292a778cc51b38dd89dd5bb2d2976ad",
    "https://esm.sh/v124/@types/lodash-es@4.17.7/isSet.d.ts": "d644ae73420861f9b2051af962a4fcbbebb1f9c8cbefaefc567e68a041e9ff21",
    "https://esm.sh/v124/@types/lodash-es@4.17.7/isString.d.ts": "35c8f5c4c00b00995ea33cc69740aedb49edcb839928712b8459cc58b0261b05",
    "https://esm.sh/v124/@types/lodash-es@4.17.7/isSymbol.d.ts": "134cbbfb5391bdca703a09f2a47a373b22f60c95440b2d2c4ea3be136723eb5a",
    "https://esm.sh/v124/@types/lodash-es@4.17.7/isTypedArray.d.ts": "483d7df54e13b23749f4027718f96e1ea4f155610653fad0d553b67390f3bc6d",
    "https://esm.sh/v124/@types/lodash-es@4.17.7/isUndefined.d.ts": "33b6651dafda6978b720da18775fb90f5949aa8591cc541a95b061003c617189",
    "https://esm.sh/v124/@types/lodash-es@4.17.7/isWeakMap.d.ts": "f140371b111216728c389ea89e0c93174c2d334f377a31eb6c1a7cf95e36537f",
    "https://esm.sh/v124/@types/lodash-es@4.17.7/isWeakSet.d.ts": "81edd5c4043a01ed7d93087e82b74fcba9b3afe8eee6473f6d298eb569855f91",
    "https://esm.sh/v124/@types/lodash-es@4.17.7/iteratee.d.ts": "b1dc828c357b7e94bebfea423d50bc409daf4d8cac0b04ff05ddcbe942e6d68b",
    "https://esm.sh/v124/@types/lodash-es@4.17.7/join.d.ts": "67f5e326ff57917a5b6ef02b417a4e20cca01c62af37a6cab7a8094e23aabf84",
    "https://esm.sh/v124/@types/lodash-es@4.17.7/kebabCase.d.ts": "b37695cf31c972b59eb88f268a269896557833841d00ea9b2a8326e334516336",
    "https://esm.sh/v124/@types/lodash-es@4.17.7/keyBy.d.ts": "9201464980bb11e35d42adb7481503b80493d5b27a2f3de8a800a5cec1d2e5b7",
    "https://esm.sh/v124/@types/lodash-es@4.17.7/keys.d.ts": "97199bfe87934686d0703874cd8147dec11e3dfb0ebdaec972ac301ee949dc8b",
    "https://esm.sh/v124/@types/lodash-es@4.17.7/keysIn.d.ts": "5ae92a604e8d0f1e4565f77eb38311f4eeb72d440e04e48d21fc93a0cd8c7ee9",
    "https://esm.sh/v124/@types/lodash-es@4.17.7/last.d.ts": "3d18886e6ba93ea0b7f32db3678645b89d131eb459b467ce70c5c3d46f829f8f",
    "https://esm.sh/v124/@types/lodash-es@4.17.7/lastIndexOf.d.ts": "572fa8d8de67a15ebce92989b08f3e056d0fc6a7efa6920ad46417a61ef9cde4",
    "https://esm.sh/v124/@types/lodash-es@4.17.7/lowerCase.d.ts": "a4d34c24fe9a46aa8391ce72bfab6051fcb3f91969544430478d4936b014eff7",
    "https://esm.sh/v124/@types/lodash-es@4.17.7/lowerFirst.d.ts": "5298e7b3c25ef94f84869a2f90517b3e9f85486a3b4dd886eb29952a59068c8e",
    "https://esm.sh/v124/@types/lodash-es@4.17.7/lt.d.ts": "73137712bce9e95175d239e53d0adf2b198684fa5900fe2bee2ea1223a9de956",
    "https://esm.sh/v124/@types/lodash-es@4.17.7/lte.d.ts": "7afdd806c4665ac873514bf1cd16e631437dc3edb1405e6f8b6e42684ca5ca3b",
    "https://esm.sh/v124/@types/lodash-es@4.17.7/map.d.ts": "deca81a5daa16bb93e0f25563606fbcd162369ca60574f34229cf896d68a9a28",
    "https://esm.sh/v124/@types/lodash-es@4.17.7/mapKeys.d.ts": "41d71957cbf30458ac4f503d395546e16c63885d28e45c8bcaa958b7b63020c4",
    "https://esm.sh/v124/@types/lodash-es@4.17.7/mapValues.d.ts": "e19c55ee27bd17e6e6d3bdb62676406c1b88a1e6559f96ef6c07cefd983b7858",
    "https://esm.sh/v124/@types/lodash-es@4.17.7/matches.d.ts": "f92a5a678d1a6b4a0c03ce40a7d80dea6c76fa88a3d43cc416a1ad0ca9d34c24",
    "https://esm.sh/v124/@types/lodash-es@4.17.7/matchesProperty.d.ts": "b6f7fbe3078dcb78553a3d14c27a2a343ea9d4da21398c2b62a8925c2d0dd4e0",
    "https://esm.sh/v124/@types/lodash-es@4.17.7/max.d.ts": "3f87011f27c62c1f8acbec3318f7b904607a5f5a428764edb76e64dddd8a9162",
    "https://esm.sh/v124/@types/lodash-es@4.17.7/maxBy.d.ts": "00d80cd4ace94fd0a5f58ac642636c6bf9d3bbd4e299214462c4f99eec554b51",
    "https://esm.sh/v124/@types/lodash-es@4.17.7/mean.d.ts": "2e3a85358ce94bb3a43de29620f4d1c59f97ec296cd4bdb4949a06a21be8dff3",
    "https://esm.sh/v124/@types/lodash-es@4.17.7/meanBy.d.ts": "f1946fe97a58041c9e63ac0224de6da72ff9934a9f1bdc7c7b26392a5cd1cd00",
    "https://esm.sh/v124/@types/lodash-es@4.17.7/memoize.d.ts": "5fa2660a0d380259026e23cf703ef2a398d867f1a714c5bd160969bf04047911",
    "https://esm.sh/v124/@types/lodash-es@4.17.7/merge.d.ts": "c19f486e9f9a85f45f101cc86e77dbeded6ecb97ba16e4d19c8050e0371b4826",
    "https://esm.sh/v124/@types/lodash-es@4.17.7/mergeWith.d.ts": "bb030b22497b4bc2e094bfceceb26d6f7909c0c1f86ae0886e40d32ae678a103",
    "https://esm.sh/v124/@types/lodash-es@4.17.7/method.d.ts": "276ee16ec8d1a63c1174f006726ec6f56cf2f036a417f0a9da3495a0dfeaa864",
    "https://esm.sh/v124/@types/lodash-es@4.17.7/methodOf.d.ts": "bb9a17848a25764f8d2743010d43f72eb7f8160bb1c0634f12ed98276febed75",
    "https://esm.sh/v124/@types/lodash-es@4.17.7/min.d.ts": "577e053d592e4e82a02ce202ecc1cfb0c9a2bed9ae8fde68e6a63481df649703",
    "https://esm.sh/v124/@types/lodash-es@4.17.7/minBy.d.ts": "b11275d9b93cfef0b9351b89ccdb65cae1e54d74d06db2102c3ac4294c246a1e",
    "https://esm.sh/v124/@types/lodash-es@4.17.7/mixin.d.ts": "251b3f4cb0b692103c0521efcfdf229c240276f12dcd8d00d9a775c25dd1e103",
    "https://esm.sh/v124/@types/lodash-es@4.17.7/multiply.d.ts": "dfb6a06248fe1e68239c2ef491c9d14eca7ad052c119c98515be6e33932b07c7",
    "https://esm.sh/v124/@types/lodash-es@4.17.7/negate.d.ts": "3c513112f39f4317e4997ddda3647ed288e57f1ebf043a66327f4400ddf5fef0",
    "https://esm.sh/v124/@types/lodash-es@4.17.7/noop.d.ts": "295aae2e5fb93dbc5db037192f98fcd106e4a80665416ff821491012762a7089",
    "https://esm.sh/v124/@types/lodash-es@4.17.7/now.d.ts": "58433505ffbd7388b7650e1dc79b5d169aab2477e767ea7ebfa54885c8a00130",
    "https://esm.sh/v124/@types/lodash-es@4.17.7/nth.d.ts": "cc70d440b3cd7266728693e983761650afef54064d5eebcc769d696d729e8ec1",
    "https://esm.sh/v124/@types/lodash-es@4.17.7/nthArg.d.ts": "9b8ea663754fe6f73b4aca9f1b22af2146b8c5b7e1d0d99ee80534736d4811dd",
    "https://esm.sh/v124/@types/lodash-es@4.17.7/omit.d.ts": "cb648e29bae166c7f11c4ae84f4e39ff23455b3d9d4e720fb808399ae3d103f9",
    "https://esm.sh/v124/@types/lodash-es@4.17.7/omitBy.d.ts": "1c1986b7e85b14c5f0c33e3b6e2c88c80cdbfda5d9dcd31aba8ad92c113092f0",
    "https://esm.sh/v124/@types/lodash-es@4.17.7/once.d.ts": "1917914d93192e1e284d3d87b376bf9158721f4f4a677a3477092d850cb0b3e0",
    "https://esm.sh/v124/@types/lodash-es@4.17.7/orderBy.d.ts": "049e12badb080f264b10a97c721cf4296e5ee9d2af98f85b2b5faf275d4b7188",
    "https://esm.sh/v124/@types/lodash-es@4.17.7/over.d.ts": "fef14cd3c87d6922f9ddc8ad806d9068070cc1f719120163b55f92fe88013826",
    "https://esm.sh/v124/@types/lodash-es@4.17.7/overArgs.d.ts": "bbd131242cd84b97a7b7353db38a396b8e4b3583249c7e267bdf25b75609f1e1",
    "https://esm.sh/v124/@types/lodash-es@4.17.7/overEvery.d.ts": "2268908b3f23229e3c6617e375328620042902ff81cfd932fc7d13d08cdd49f5",
    "https://esm.sh/v124/@types/lodash-es@4.17.7/overSome.d.ts": "56f646cfe6dc16636a7e312a20bf59db1695bc059ccc6a65bc25778c9a15c799",
    "https://esm.sh/v124/@types/lodash-es@4.17.7/pad.d.ts": "8ddbe58b1b061ebb43e46a0c301120cc2f9d808657f1d2990527847b973a4a8a",
    "https://esm.sh/v124/@types/lodash-es@4.17.7/padEnd.d.ts": "8bea61c817be02e32151d0abc07a59505ad6701099b12cc11d83dc072294267d",
    "https://esm.sh/v124/@types/lodash-es@4.17.7/padStart.d.ts": "f68ba3037176b5b573aff93d620c2a1db8858edb0e3c64baa8d097c795684bcb",
    "https://esm.sh/v124/@types/lodash-es@4.17.7/parseInt.d.ts": "2404d83188fd1eb89707ae096fe9fcd64096014a59a1dfeb52433632ed439061",
    "https://esm.sh/v124/@types/lodash-es@4.17.7/partial.d.ts": "c4fe278ed2d2393dfeefdfe481da07bc9bcf2225f00949012f86580f588cc2d9",
    "https://esm.sh/v124/@types/lodash-es@4.17.7/partialRight.d.ts": "c969737e7f47e7b1a96308c958801ec532da270dfdbd0a900188141db562b68b",
    "https://esm.sh/v124/@types/lodash-es@4.17.7/partition.d.ts": "bafd1a7d0067ba0876cbaec5ac79d3699deaa7fa943fc0af94692693527e8d11",
    "https://esm.sh/v124/@types/lodash-es@4.17.7/pick.d.ts": "b86541683dc1f313ce0c13f047adb466b5e60d7262a21e6a7ca423092fad7942",
    "https://esm.sh/v124/@types/lodash-es@4.17.7/pickBy.d.ts": "9c89c4dbb113316c2f40458c934f7c413497c756bc11877ed24e1b0afed03d20",
    "https://esm.sh/v124/@types/lodash-es@4.17.7/property.d.ts": "c3d378cbc6fc8899de8d7b5864742e3a3acc363925c25941f0aba710d4a87d2e",
    "https://esm.sh/v124/@types/lodash-es@4.17.7/propertyOf.d.ts": "25f651576e0a0c0ca42661f7f71184f4e1c011e70a70a2fed166081da506dbb4",
    "https://esm.sh/v124/@types/lodash-es@4.17.7/pull.d.ts": "229f3942d61374355147fa985eaf9588fb6540fce51551b3a0738ce0dedf9b77",
    "https://esm.sh/v124/@types/lodash-es@4.17.7/pullAll.d.ts": "bcb2c4e21e9e0ed43a54f8fb22b0869d46f6b0da177b080c1bb1685d19f7bf8d",
    "https://esm.sh/v124/@types/lodash-es@4.17.7/pullAllBy.d.ts": "5df2db67a388c9a64e8878e57bb17a6b586b6ceacc4fdd8c32b3db0821e997e9",
    "https://esm.sh/v124/@types/lodash-es@4.17.7/pullAllWith.d.ts": "a568550f3330c8fe01c061dd16ee5c086953088633fae2d32c6011d2a3f3f838",
    "https://esm.sh/v124/@types/lodash-es@4.17.7/pullAt.d.ts": "0da4dd051cca9d1af0d629fed6bce5fdc702da61120e98a0994bd69be0710189",
    "https://esm.sh/v124/@types/lodash-es@4.17.7/random.d.ts": "0167b749aa472842302ee1c6a272c61b7223a0cc98670276236ffcb108a68504",
    "https://esm.sh/v124/@types/lodash-es@4.17.7/range.d.ts": "5ab017f1db3fd689087a64fd4fdd83dc035156c937af9ef967866573fd8376fa",
    "https://esm.sh/v124/@types/lodash-es@4.17.7/rangeRight.d.ts": "666e24eba3909fcb077d4819cc95a3207d4fbcfe6fd19eea1a4bb316997d6440",
    "https://esm.sh/v124/@types/lodash-es@4.17.7/rearg.d.ts": "bd4b45b414f8571ba601e54bd36f35305539bc38f035282b85e41963c3e33b83",
    "https://esm.sh/v124/@types/lodash-es@4.17.7/reduce.d.ts": "e9e6faea3fe71a23c5b58391d00845e28a3013ec885dfeb0c1511e780259b49f",
    "https://esm.sh/v124/@types/lodash-es@4.17.7/reduceRight.d.ts": "02c1d56f5fc09c0b93392e42e90db2abd7c0c0da595c0a7cf16d4607e6ee20fe",
    "https://esm.sh/v124/@types/lodash-es@4.17.7/reject.d.ts": "242995da376461372f0c4110502c1c8f7fee0a1f847ad8d1d51cc9369cc65579",
    "https://esm.sh/v124/@types/lodash-es@4.17.7/remove.d.ts": "8f0b50404b036abf0b0006543b233432ad3c9db62b9c27deda92e5f0dc7e8a15",
    "https://esm.sh/v124/@types/lodash-es@4.17.7/repeat.d.ts": "14e6c64532e56a05b4b5e1e3db1a031561e1815b1a9fa145083fd9a8a0b97ffa",
    "https://esm.sh/v124/@types/lodash-es@4.17.7/replace.d.ts": "dcd0a35edf9f64512914afbe7058b39864aaaae2d28f189f458c13f213a4a02a",
    "https://esm.sh/v124/@types/lodash-es@4.17.7/rest.d.ts": "8869269397b526fb9121788d08811faa0c943ef325deef3afcf30e17d5b2e47a",
    "https://esm.sh/v124/@types/lodash-es@4.17.7/result.d.ts": "fddfc454fe56676313d590b5982aa07c238c834832aca007e13f22447c85e158",
    "https://esm.sh/v124/@types/lodash-es@4.17.7/reverse.d.ts": "e1c9ac811ee15360c18336ebb11f9af75a2916c488a611d2e91e27bc688d670e",
    "https://esm.sh/v124/@types/lodash-es@4.17.7/round.d.ts": "eab18a07bd0fc990c3f39b9c8061a7c8e78b1ea7208ada6929bdfe911f54d7b5",
    "https://esm.sh/v124/@types/lodash-es@4.17.7/sample.d.ts": "4da7e198062f030575640614fde1bc5115839370f3aa230d20c804cfb1bb2041",
    "https://esm.sh/v124/@types/lodash-es@4.17.7/sampleSize.d.ts": "f2aeda374db484f4f5b74c5a4fcf17e4db3567d1797dc4e823a758de2276d816",
    "https://esm.sh/v124/@types/lodash-es@4.17.7/set.d.ts": "8081b8e474813be88ee80439db4c514596d747bcb8ade2b253ebd5b044a049ec",
    "https://esm.sh/v124/@types/lodash-es@4.17.7/setWith.d.ts": "1d4bbc92dd2ca492d56e6ba0ded0664a66745f0cfec75e4a1c5b1f37d2aef167",
    "https://esm.sh/v124/@types/lodash-es@4.17.7/shuffle.d.ts": "dcc4c396e156c057e71bf4ea189ee0fbe744b4e09c36b4ed2cff9129b7b7897f",
    "https://esm.sh/v124/@types/lodash-es@4.17.7/size.d.ts": "a2bcf98068e9fb2f4408e8647a6620d6a3398c2f992fc6b254c0fbaa276ccac7",
    "https://esm.sh/v124/@types/lodash-es@4.17.7/slice.d.ts": "9c6b9beb9af801c9d3642e521670a128d142e742c931bca63d3ef7ebbdde165c",
    "https://esm.sh/v124/@types/lodash-es@4.17.7/snakeCase.d.ts": "64c290742e82ef7811296266bf2dd0e607b444ba9503438c036a3dd5edb9bb7d",
    "https://esm.sh/v124/@types/lodash-es@4.17.7/some.d.ts": "39603554bf8436ae9638afd2e9017050bc39ed9f9fe888f4f77fc2bfeb90b755",
    "https://esm.sh/v124/@types/lodash-es@4.17.7/sortBy.d.ts": "2f6904314ff681bc787ca27389df94f7ddc27ef44ac65728ab6fe5fea73df0a5",
    "https://esm.sh/v124/@types/lodash-es@4.17.7/sortedIndex.d.ts": "8a149bda09e321b9bd5c67bed220fd31fd9638e09b8313f00d79cbb119a6d632",
    "https://esm.sh/v124/@types/lodash-es@4.17.7/sortedIndexBy.d.ts": "4b844df1f685280693e9b8a038cb781c40a89e41cfe28dc8e9f7cd9690163b71",
    "https://esm.sh/v124/@types/lodash-es@4.17.7/sortedIndexOf.d.ts": "ddc8a6d614e38c32cc5978e74b1981390c8ef45143220b4d4f6f718f55b76102",
    "https://esm.sh/v124/@types/lodash-es@4.17.7/sortedLastIndex.d.ts": "84592b7b6089ee2fea4c306d4acc078d4a0a166b8f8b53e399d5b080260ead78",
    "https://esm.sh/v124/@types/lodash-es@4.17.7/sortedLastIndexBy.d.ts": "563211ff1e148d005e8d680aa3f9e78741dc6d158cd1cbbbee37c65314d4053b",
    "https://esm.sh/v124/@types/lodash-es@4.17.7/sortedLastIndexOf.d.ts": "5681e682a2dca11a5ada342f6026e63e892d68f8696d70cbe67666b8a695c222",
    "https://esm.sh/v124/@types/lodash-es@4.17.7/sortedUniq.d.ts": "2d85c1b7e6215bbf7a9843cb5b64db19217ae5655de523524f2deee87318e9c9",
    "https://esm.sh/v124/@types/lodash-es@4.17.7/sortedUniqBy.d.ts": "4a2631bdcf40b374ee87789f29bde93b57912cf3c6ac348fe3a3f2b4d17380b6",
    "https://esm.sh/v124/@types/lodash-es@4.17.7/split.d.ts": "5e6e937cace0e7dfe6fca5764f0ea1ab0032d01aacbabdd236b02c29f435737a",
    "https://esm.sh/v124/@types/lodash-es@4.17.7/spread.d.ts": "42a4863f7062f612c26cb64b684b41570a8ece29ecd738f514aa6356c904273b",
    "https://esm.sh/v124/@types/lodash-es@4.17.7/startCase.d.ts": "928e2ab856c625ca73914749a425792460291a0c1a362e28ee8fad7b9d0c8c03",
    "https://esm.sh/v124/@types/lodash-es@4.17.7/startsWith.d.ts": "ce8ba1515d75f79fccd6307a25c90ddc1885683d6cbdeb523d95fab0fc6b680e",
    "https://esm.sh/v124/@types/lodash-es@4.17.7/stubArray.d.ts": "bfd202980d76ff06f66ce283ce72498c607eb84f23f38f204e1160d10a59d2ab",
    "https://esm.sh/v124/@types/lodash-es@4.17.7/stubFalse.d.ts": "579291eeaec3a2c6dab209db7879cd0b32b2e1b765d228e11d66291f3a0dcafc",
    "https://esm.sh/v124/@types/lodash-es@4.17.7/stubObject.d.ts": "cc39a4c7c308896d3e0a5c5d0eb0343abb7f7d8d13b53fefb44e0e8761610b63",
    "https://esm.sh/v124/@types/lodash-es@4.17.7/stubString.d.ts": "401b4b25f64f90dec12f3cc609b9c498c2a195628e88007d0b48dd977d2d8659",
    "https://esm.sh/v124/@types/lodash-es@4.17.7/stubTrue.d.ts": "6914806b7f8017bc28fe0cf19f829d3103047e3b1646c97567c4b46a789a5dba",
    "https://esm.sh/v124/@types/lodash-es@4.17.7/subtract.d.ts": "d137b111b56bd2abbd76545d909b84c8fafa415de2420af5c062edfa2d68234e",
    "https://esm.sh/v124/@types/lodash-es@4.17.7/sum.d.ts": "fd29accd00ebc241e01f7a2ea9036b4bc77e3c6def34a4d937d6c30fd93c9cdf",
    "https://esm.sh/v124/@types/lodash-es@4.17.7/sumBy.d.ts": "ba9550a3b8c3f77e82c910ac85df8ea41a7f086328a6ef70dedb49eb74618052",
    "https://esm.sh/v124/@types/lodash-es@4.17.7/tail.d.ts": "6df09abb98b583913dee61c6b65bf506e1518c8b927b0c5173f87afc799817cd",
    "https://esm.sh/v124/@types/lodash-es@4.17.7/take.d.ts": "952e6a7ff2a725357eb81cb6a1091a6a6ee85093715901314deadc78eb0e1ade",
    "https://esm.sh/v124/@types/lodash-es@4.17.7/takeRight.d.ts": "8857544ba72a7bb4f16222e91cf158fa42fb08ce08ce6da50c6a7efe242d7198",
    "https://esm.sh/v124/@types/lodash-es@4.17.7/takeRightWhile.d.ts": "9abdb4aed7fafb4a22dc6b802ed06d2a97a40fab4c696afecbebb11656f77284",
    "https://esm.sh/v124/@types/lodash-es@4.17.7/takeWhile.d.ts": "3bb9e72a4428930b81492b4851e2e629b4368b08c4770310a504ef98c60e2f30",
    "https://esm.sh/v124/@types/lodash-es@4.17.7/tap.d.ts": "c505aeb7af1049e5410aace6c3b8b223879962d219b9b49e853ac6ba550ee3ae",
    "https://esm.sh/v124/@types/lodash-es@4.17.7/template.d.ts": "8a32be213fb2ec38dc5df204f80c376adfc13364d8dec73d9013f1e3ecedf437",
    "https://esm.sh/v124/@types/lodash-es@4.17.7/templateSettings.d.ts": "c49c5ac058d7d0ada370638dc57e27d9920fbf8daca4e1c812688109a679840e",
    "https://esm.sh/v124/@types/lodash-es@4.17.7/throttle.d.ts": "3bc2024e9a2722e26b1e2e1a425f9a58b49e65acab2e5a1fb56b78f720d54922",
    "https://esm.sh/v124/@types/lodash-es@4.17.7/times.d.ts": "74cc7e90fc43b47ed7a526017f7f6f55a263e41d250959b3e94eecbbc7c2239c",
    "https://esm.sh/v124/@types/lodash-es@4.17.7/toArray.d.ts": "52dd9c387265595d271cf4b0f6337aebc2257603ad559a297e52ae66824edee9",
    "https://esm.sh/v124/@types/lodash-es@4.17.7/toFinite.d.ts": "8c45ddb4a4eaed72f67396044a5b7b0c498b1dd05d6030539c4f0ba92a9efbbd",
    "https://esm.sh/v124/@types/lodash-es@4.17.7/toInteger.d.ts": "0854add3e514bf3dc6128b8004057e672baf4633337c4f0589e36e0bec687422",
    "https://esm.sh/v124/@types/lodash-es@4.17.7/toLength.d.ts": "7135c25967f6c8e5b120c6b1fb94e1292afaf7f0851bd5cad40f50954d8ef5c2",
    "https://esm.sh/v124/@types/lodash-es@4.17.7/toLower.d.ts": "e1c81480e8ef358ad43b29933e1371d643809b5d04e5c6a1dc2d32d25173d5ec",
    "https://esm.sh/v124/@types/lodash-es@4.17.7/toNumber.d.ts": "3d4a1f713d26f7a6e471959361dad2486e3bc310ed6f381a1b5b4489df866a74",
    "https://esm.sh/v124/@types/lodash-es@4.17.7/toPairs.d.ts": "d8e6e80c37593cfeedf7a7dceb4594b42644deb07e0900c08e6c0633173c5b1e",
    "https://esm.sh/v124/@types/lodash-es@4.17.7/toPairsIn.d.ts": "81a49bb0e3993515f87fb5eacc10352bf576d4286485567251fd8128a3fb209c",
    "https://esm.sh/v124/@types/lodash-es@4.17.7/toPath.d.ts": "b320ce29ccead27006fe2c0c6d02ce0b2745aa025bb758967aaba03fba127556",
    "https://esm.sh/v124/@types/lodash-es@4.17.7/toPlainObject.d.ts": "44d2e665b9da08285c96a1bff591293fc82781aeb8ae3982f56f87cc0050bcdf",
    "https://esm.sh/v124/@types/lodash-es@4.17.7/toSafeInteger.d.ts": "a323b0c6bf7e0d61f02d5c50479054595e01ccd3b4d3f05fc6f696fd42a4173e",
    "https://esm.sh/v124/@types/lodash-es@4.17.7/toString.d.ts": "6bb3b9994323ccd2bb7b2cedf754556f609f2dc30ff7dba7c7b4cbbf76192f49",
    "https://esm.sh/v124/@types/lodash-es@4.17.7/toUpper.d.ts": "85034709ef142e2ad501119f1b0702510d7ed283184c5cb8763c2c08d3e10a9c",
    "https://esm.sh/v124/@types/lodash-es@4.17.7/transform.d.ts": "faf5542c1d46a0521f0141f4ab19f65b457e707d740814abe26c24fbe55a92f8",
    "https://esm.sh/v124/@types/lodash-es@4.17.7/trim.d.ts": "0697a2d1a38ab3b6cccb430b978eec0f0e851b4bfe834650e52190ada073dce2",
    "https://esm.sh/v124/@types/lodash-es@4.17.7/trimEnd.d.ts": "315296f6bbdfcdb59aa08699583e402255398eaf128b4930f509531e8627411b",
    "https://esm.sh/v124/@types/lodash-es@4.17.7/trimStart.d.ts": "d1955aed8f19b63a6a1b7bcc7da0db3cb4cbd6ec80e739193476427c485e79ea",
    "https://esm.sh/v124/@types/lodash-es@4.17.7/truncate.d.ts": "ebc0770c149f048fc373e9be0823eef3e26c246f25127ea0e73fc05cac51a688",
    "https://esm.sh/v124/@types/lodash-es@4.17.7/unary.d.ts": "75660cd8845845ac607331b9d75683b1c09b76612ec25dcf5858d4e8137fba54",
    "https://esm.sh/v124/@types/lodash-es@4.17.7/unescape.d.ts": "e645790201c63a57683ecbeef88ad7a7f7f3c12280e4dae8bc668f7eee49908c",
    "https://esm.sh/v124/@types/lodash-es@4.17.7/union.d.ts": "cbe0efaff03dc2bb9e5faf535e5301378d702a91d6f88aa95d42bdaa670d9f9b",
    "https://esm.sh/v124/@types/lodash-es@4.17.7/unionBy.d.ts": "0d136e9a89f66f4808ee5247729878a33a18dfcf1ac350fc47b78da50b30c467",
    "https://esm.sh/v124/@types/lodash-es@4.17.7/unionWith.d.ts": "57bd9b138deef489ce7ca0945c8c1c446c536fbd7388cbde33f3635b8f72a85b",
    "https://esm.sh/v124/@types/lodash-es@4.17.7/uniq.d.ts": "05e66b6494de1c0ad9acf29d65ccf814373d1eafb34df4116e72936e68e14f46",
    "https://esm.sh/v124/@types/lodash-es@4.17.7/uniqBy.d.ts": "ca36ca0807c98ecebd92d49787689dfa0ca74af99a5c8952b454a28e80005cd4",
    "https://esm.sh/v124/@types/lodash-es@4.17.7/uniqWith.d.ts": "fe3a8ab5c354d4dc9fff2917ced2c91ef3f5d8ed6885183fbea633397bb38f57",
    "https://esm.sh/v124/@types/lodash-es@4.17.7/uniqueId.d.ts": "3b455c6c6c6153fdd374359a7fb6d60e983335c3b9bf7b8719e70d285f800ef9",
    "https://esm.sh/v124/@types/lodash-es@4.17.7/unset.d.ts": "b5669b9a7264d5145e5c59fe2170ae531a7fb0f7520803aa38e981c741dbd69a",
    "https://esm.sh/v124/@types/lodash-es@4.17.7/unzip.d.ts": "f1427640b15ed863d2a0f96e8597764080aef92f9271ca3748ba6423f870703d",
    "https://esm.sh/v124/@types/lodash-es@4.17.7/unzipWith.d.ts": "017f2c4a9657c19aa786ca88a2742065c1202f6f7d083f7171ce21439f9a3dae",
    "https://esm.sh/v124/@types/lodash-es@4.17.7/update.d.ts": "2e1d5bee2ce22c78d7f43ffc81b64d8011963aea198622be03cdeb4449a0898e",
    "https://esm.sh/v124/@types/lodash-es@4.17.7/updateWith.d.ts": "67aa14582a799cdc9d6e96c1f634ca8fcc78b4a5d661d425d1c1ef0cd8dfa15b",
    "https://esm.sh/v124/@types/lodash-es@4.17.7/upperCase.d.ts": "fe0f6037a4cd655b6a6440d47b05ac83a5b6d3561dc315091b203ac5aaa903fc",
    "https://esm.sh/v124/@types/lodash-es@4.17.7/upperFirst.d.ts": "bc715b6c589bef052e7fd4f4c0fb0ebe44e8cb7a69f5d72d56c8dbd5a84cc338",
    "https://esm.sh/v124/@types/lodash-es@4.17.7/values.d.ts": "e315c4e7971a21c981ea03fe2824a41c521e263e9f45b76a03a230f77ec14edf",
    "https://esm.sh/v124/@types/lodash-es@4.17.7/valuesIn.d.ts": "ec765f1aff4aa636d68689408de097c3e800cb1987dd757e6cec0b28f5032ac5",
    "https://esm.sh/v124/@types/lodash-es@4.17.7/without.d.ts": "2ae0cdcfd4c6179d85ad40e27976f96edbea2b4a641b03113bdd94ee0b13b017",
    "https://esm.sh/v124/@types/lodash-es@4.17.7/words.d.ts": "b0ae6a6bcf233e0880f9199c7a74edfe230a8b9fba2e989a7213f5f8c5562c35",
    "https://esm.sh/v124/@types/lodash-es@4.17.7/wrap.d.ts": "28c44d4348046d43c3aabf1b8234b140a98ba889393f6689d0f2861b9b332823",
    "https://esm.sh/v124/@types/lodash-es@4.17.7/xor.d.ts": "62e3117287615050fd0808ef222d14be0679f063b8d8c6df5b36c9570fdbb1ca",
    "https://esm.sh/v124/@types/lodash-es@4.17.7/xorBy.d.ts": "5db8194e6ac7ccd6ec53e109831f33ba47a2435bac35d7121cd6edf58377d00a",
    "https://esm.sh/v124/@types/lodash-es@4.17.7/xorWith.d.ts": "a7c9b68424499b45576e598471d0d3b91f8e5d71622fe59b8e8d8ea37e743564",
    "https://esm.sh/v124/@types/lodash-es@4.17.7/zip.d.ts": "b1950a95086528c8cdf0a9abc8c410c07c42b3590e431af48c7240f6a36ae9e7",
    "https://esm.sh/v124/@types/lodash-es@4.17.7/zipObject.d.ts": "2c67099ca15303c51d3e7ce455ad92d793f5dffd389bc5f89c8f949c7cf0765b",
    "https://esm.sh/v124/@types/lodash-es@4.17.7/zipObjectDeep.d.ts": "edf53c5d8f40393c3b6062b6889b0fa6eb290356dd24b7d9cc5579c6c8d0ecfb",
    "https://esm.sh/v124/@types/lodash-es@4.17.7/zipWith.d.ts": "9e2ef56b4fe2694f9620d5a32e9b20208a2315bb5e9cc7e786e0b4434ca35846",
    "https://esm.sh/v124/@types/lodash@4.14.194/common/array.d.ts": "458111fc89d11d2151277c822dfdc1a28fa5b6b2493cf942e37d4cd0a6ee5f22",
    "https://esm.sh/v124/@types/lodash@4.14.194/common/collection.d.ts": "d70c026dd2eeaa974f430ea229230a1897fdb897dc74659deebe2afd4feeb08f",
    "https://esm.sh/v124/@types/lodash@4.14.194/common/common.d.ts": "675e702f2032766a91eeadee64f51014c64688525da99dccd8178f0c599f13a8",
    "https://esm.sh/v124/@types/lodash@4.14.194/common/date.d.ts": "187119ff4f9553676a884e296089e131e8cc01691c546273b1d0089c3533ce42",
    "https://esm.sh/v124/@types/lodash@4.14.194/common/function.d.ts": "febf0b2de54781102b00f61653b21377390a048fbf5262718c91860d11ff34a6",
    "https://esm.sh/v124/@types/lodash@4.14.194/common/lang.d.ts": "98f9d826db9cd99d27a01a59ee5f22863df00ccf1aaf43e1d7db80ebf716f7c3",
    "https://esm.sh/v124/@types/lodash@4.14.194/common/math.d.ts": "0aaef8cded245bf5036a7a40b65622dd6c4da71f7a35343112edbe112b348a1e",
    "https://esm.sh/v124/@types/lodash@4.14.194/common/number.d.ts": "00baffbe8a2f2e4875367479489b5d43b5fc1429ecb4a4cc98cfc3009095f52a",
    "https://esm.sh/v124/@types/lodash@4.14.194/common/object.d.ts": "dcd91d3b697cb650b95db5471189b99815af5db2a1cd28760f91e0b12ede8ed5",
    "https://esm.sh/v124/@types/lodash@4.14.194/common/seq.d.ts": "3c92b6dfd43cc1c2485d9eba5ff0b74a19bb8725b692773ef1d66dac48cda4bd",
    "https://esm.sh/v124/@types/lodash@4.14.194/common/string.d.ts": "3cf0d343c2276842a5b617f22ba82af6322c7cfe8bb52238ffc0c491a3c21019",
    "https://esm.sh/v124/@types/lodash@4.14.194/common/util.d.ts": "df996e25faa505f85aeb294d15ebe61b399cf1d1e49959cdfaf2cc0815c203f9",
    "https://esm.sh/v124/@types/lodash@4.14.194/index.d.ts": "f2eff8704452659641164876c1ef0df4174659ce7311b0665798ea3f556fa9ad",
    "https://esm.sh/v124/@types/lodash@4.14.194/index~.d.ts": "f2eff8704452659641164876c1ef0df4174659ce7311b0665798ea3f556fa9ad",
    "https://esm.sh/v124/@types/lodash@4.14.195/common/array.d.ts": "458111fc89d11d2151277c822dfdc1a28fa5b6b2493cf942e37d4cd0a6ee5f22",
    "https://esm.sh/v124/@types/lodash@4.14.195/common/collection.d.ts": "19c816167e076e7c24f074389c6cf3ed87bdbb917d1ea439ca281f9d26db2439",
    "https://esm.sh/v124/@types/lodash@4.14.195/common/common.d.ts": "675e702f2032766a91eeadee64f51014c64688525da99dccd8178f0c599f13a8",
    "https://esm.sh/v124/@types/lodash@4.14.195/common/date.d.ts": "187119ff4f9553676a884e296089e131e8cc01691c546273b1d0089c3533ce42",
    "https://esm.sh/v124/@types/lodash@4.14.195/common/function.d.ts": "febf0b2de54781102b00f61653b21377390a048fbf5262718c91860d11ff34a6",
    "https://esm.sh/v124/@types/lodash@4.14.195/common/lang.d.ts": "98f9d826db9cd99d27a01a59ee5f22863df00ccf1aaf43e1d7db80ebf716f7c3",
    "https://esm.sh/v124/@types/lodash@4.14.195/common/math.d.ts": "0aaef8cded245bf5036a7a40b65622dd6c4da71f7a35343112edbe112b348a1e",
    "https://esm.sh/v124/@types/lodash@4.14.195/common/number.d.ts": "00baffbe8a2f2e4875367479489b5d43b5fc1429ecb4a4cc98cfc3009095f52a",
    "https://esm.sh/v124/@types/lodash@4.14.195/common/object.d.ts": "dcd91d3b697cb650b95db5471189b99815af5db2a1cd28760f91e0b12ede8ed5",
    "https://esm.sh/v124/@types/lodash@4.14.195/common/seq.d.ts": "3c92b6dfd43cc1c2485d9eba5ff0b74a19bb8725b692773ef1d66dac48cda4bd",
    "https://esm.sh/v124/@types/lodash@4.14.195/common/string.d.ts": "3cf0d343c2276842a5b617f22ba82af6322c7cfe8bb52238ffc0c491a3c21019",
    "https://esm.sh/v124/@types/lodash@4.14.195/common/util.d.ts": "df996e25faa505f85aeb294d15ebe61b399cf1d1e49959cdfaf2cc0815c203f9",
    "https://esm.sh/v124/@types/lodash@4.14.195/index.d.ts": "f2eff8704452659641164876c1ef0df4174659ce7311b0665798ea3f556fa9ad",
    "https://esm.sh/v124/@types/lodash@4.14.195/index~.d.ts": "f2eff8704452659641164876c1ef0df4174659ce7311b0665798ea3f556fa9ad",
    "https://esm.sh/v124/colord@2.9.3/colord.d.ts": "d94df33fdc2f5c3bb095ee5262475a6fa467ec0707ec3580f6c22076551ff4d9",
    "https://esm.sh/v124/colord@2.9.3/deno/colord.mjs": "3cc62609df8f6151b1a792d0e8b15fdaf2ec887245d6d39e78818d2482538b48",
    "https://esm.sh/v124/colord@2.9.3/deno/plugins/lab.js": "9d5ddffce73dbbe9a2610d4d46bd9714623632664adb3a6a1160c5234e4a8d76",
    "https://esm.sh/v124/colord@2.9.3/deno/plugins/mix.js": "bca0f6c3a5a6031d8c729fc7a9af06e8b3ec138590e02d3927ac1882bada222a",
    "https://esm.sh/v124/colord@2.9.3/deno/plugins/xyz.js": "d1c0835f232b222463291a263e22509e27976c0b8e16e254942c8213820b0a66",
    "https://esm.sh/v124/colord@2.9.3/extend.d.ts": "0368579ecf11076ab9aaa6a3517c7a9aedf9efe7e21fb1fae275f9ecb81269f5",
    "https://esm.sh/v124/colord@2.9.3/index.d.ts": "dc3c073760bd2f0925cb5cacdc9ea85f10662cff14bd86dfe2751fff5613d66d",
    "https://esm.sh/v124/colord@2.9.3/parse.d.ts": "d15c4f2a4c26ff08032aebd7dde8046f15b1183b1e76580aec77ca44521cdbc6",
    "https://esm.sh/v124/colord@2.9.3/plugins/lab.d.ts": "ee596ca0728bc77a48ad9bbeda73dfd067fcfec0b30815d88f897cf0ab49fa64",
    "https://esm.sh/v124/colord@2.9.3/plugins/mix.d.ts": "766e8a6b4fe8dff9f819eee24e56ae9d1bd1182581145b35af89083226acc427",
    "https://esm.sh/v124/colord@2.9.3/plugins/xyz.d.ts": "98e00684b43494e9f000a45bf035d1b8595ab774653f02751a6acb661452baac",
    "https://esm.sh/v124/colord@2.9.3/random.d.ts": "b0fe7f63fc49674ebd5b86f384e33abd1880283330751c61324a12e182535a53",
    "https://esm.sh/v124/colord@2.9.3/types.d.ts": "f267302f6eef262a8717185ef2aa8731d702babbd5cefee19d3dbe00e62c271f",
    "https://esm.sh/v124/json5@2.2.3/deno/json5.mjs": "62c96803b4328e76691cb23acb0316c5713eabff412bff38bc90a78d1904ad50",
    "https://esm.sh/v124/json5@2.2.3/lib/index.d.ts": "e348b9a09bd59183c26189aef66a7007fa9e48dfe3557d98dea33809d839fc3a",
    "https://esm.sh/v124/json5@2.2.3/lib/parse.d.ts": "88a3a6f8c2a1640d8d5fd30d8d86462f8babd86a1e52fab0e8b7f7c141fb348e",
    "https://esm.sh/v124/json5@2.2.3/lib/stringify.d.ts": "345f76c854da724803c96f727a3f9c75e26cf95c6e7b8c1064dbc4e7727b74e6",
    "https://esm.sh/v124/lodash-es@4.17.21/deno/lodash-es.mjs": "7d219dc5718f662b642171d9914bf55cddc786e985e40c5aec10766931903616",
    "https://esm.sh/v124/lodash@4.17.21/deno/lodash.mjs": "a3c9a512bf51625ce4385b75b5be2ed9dd78290bbc0b28a3bb9fb2b918cd45e3"
  }
}
